{
  "name": "json-to-csv",
  "version": "1.0.0",
  "lockfileVersion": 1,
  "requires": true,
  "dependencies": {
    "irrelon-path": {
      "version": "1.0.2",
      "resolved": "https://registry.npmjs.org/irrelon-path/-/irrelon-path-1.0.2.tgz",
      "integrity": "sha512-y1/vM6extYUcNqdSOLrfE8/qssg32/Ot3JA4LwOUFGVNgQ+e5tgImVFzSi3zLmcIVHIQlTqlVNjUhfyhovZoAg=="
    }
  }
}
